{
  "name": "bun",
  "version": "1.0.0",
  "lockfileVersion": 3,
  "requires": true,
  "packages": {
    "": {
      "name": "bun",
      "version": "1.0.0",
      "dependencies": {
        "bun": "0.7.2"
      },
      "devDependencies": {
        "bun-types": "0.7.2",
        "typescript": "^5.1.6"
      }
    },
    "node_modules/@oven/bun-darwin-aarch64": {
      "version": "0.7.2",
      "resolved": "https://registry.npmjs.org/@oven/bun-darwin-aarch64/-/bun-darwin-aarch64-0.7.2.tgz",
      "integrity": "sha512-om9g9RwcuCMhouVYW12z8glLZolA2IPx+Zp5KW6/AXCVWIeyLKdwyLOklJpQVAynGOmzWzDJwzDuYANKhQHkbA==",
      "cpu": [
        "arm64"
      ],
      "optional": true,
      "os": [
        "darwin"
      ]
    },
    "node_modules/@oven/bun-darwin-x64": {
      "version": "0.7.2",
      "resolved": "https://registry.npmjs.org/@oven/bun-darwin-x64/-/bun-darwin-x64-0.7.2.tgz",
      "integrity": "sha512-dUW2/9CU8LMh5I9eK8Q6fc61UbNgc+bBco6MHgev4YE4reMKb903DS0RKoGqsHNrkVEz2hO7Lubx6vWQn3pGng==",
      "cpu": [
        "x64"
      ],
      "optional": true,
      "os": [
        "darwin"
      ]
    },
    "node_modules/@oven/bun-darwin-x64-baseline": {
      "version": "0.7.2",
      "resolved": "https://registry.npmjs.org/@oven/bun-darwin-x64-baseline/-/bun-darwin-x64-baseline-0.7.2.tgz",
      "integrity": "sha512-antlwkPYWFS5SvoKxrRSwDnuXRgmmhAoSOPxJVAdiuEJMS9tGiQkhQfGZ/3mP8dM/uxl9wmlaXE90Vth4IKklg==",
      "cpu": [
        "x64"
      ],
      "optional": true,
      "os": [
        "darwin"
      ]
    },
    "node_modules/@oven/bun-linux-aarch64": {
      "version": "0.7.2",
      "resolved": "https://registry.npmjs.org/@oven/bun-linux-aarch64/-/bun-linux-aarch64-0.7.2.tgz",
      "integrity": "sha512-V2FPrEvisK6u1zVtpHQ6wwprMTgAkpFud7wjLTYDze2Pju8Xm4WZYAJjJmctjwhXuA6PmFT5KEI4INLHAtlqLQ==",
      "cpu": [
        "arm64"
      ],
      "optional": true,
      "os": [
        "linux"
      ]
    },
    "node_modules/@oven/bun-linux-x64": {
      "version": "0.7.2",
      "resolved": "https://registry.npmjs.org/@oven/bun-linux-x64/-/bun-linux-x64-0.7.2.tgz",
      "integrity": "sha512-A+cpDkhikCHVcrpauG3u0x40AwGyJLCZ4aBkQUkcNOi1HfWl/nM/7TAR4IzKWkYfp8Xo5cDQ1EWnBSZ+MAUPJQ==",
      "cpu": [
        "x64"
      ],
      "optional": true,
      "os": [
        "linux"
      ]
    },
    "node_modules/@oven/bun-linux-x64-baseline": {
      "version": "0.7.2",
      "resolved": "https://registry.npmjs.org/@oven/bun-linux-x64-baseline/-/bun-linux-x64-baseline-0.7.2.tgz",
      "integrity": "sha512-uNI2KWzjl3aeJWPxkdEhM9AGAKD08464PefFxWubGDHXePa0+dvOyYC+cYODhIMkQuP4UvmFLKhDOkO1DsLcQw==",
      "cpu": [
        "x64"
      ],
      "optional": true,
      "os": [
        "linux"
      ]
    },
    "node_modules/bun": {
      "version": "0.7.2",
      "resolved": "https://registry.npmjs.org/bun/-/bun-0.7.2.tgz",
      "integrity": "sha512-fr/kHvkhjdVu6A1GAOrLutBjudfyIAZo+D1c3z8DXM8Fr24Tij+hK3z0+8egU94NoN05/9oFJq+6I7EzP+s+9Q==",
      "cpu": [
        "arm64",
        "x64"
      ],
      "hasInstallScript": true,
      "os": [
        "darwin",
        "linux"
      ],
      "bin": {
        "bun": "bin/bun",
        "bunx": "bin/bun"
      },
      "optionalDependencies": {
        "@oven/bun-darwin-aarch64": "0.7.2",
        "@oven/bun-darwin-x64": "0.7.2",
        "@oven/bun-darwin-x64-baseline": "0.7.2",
        "@oven/bun-linux-aarch64": "0.7.2",
        "@oven/bun-linux-x64": "0.7.2",
        "@oven/bun-linux-x64-baseline": "0.7.2"
      }
    },
    "node_modules/bun-types": {
      "version": "0.7.2",
      "resolved": "https://registry.npmjs.org/bun-types/-/bun-types-0.7.2.tgz",
      "integrity": "sha512-jyjIjJFURhK6mXgl0jf3Zh1EZYYjxwz/OSDY+Do7ai26hc783fMYwP6vm2L6YfXLg3Tczch0nlee22UX+J7UWA==",
      "dev": true
    },
    "node_modules/typescript": {
      "version": "5.1.6",
      "resolved": "https://registry.npmjs.org/typescript/-/typescript-5.1.6.tgz",
      "integrity": "sha512-zaWCozRZ6DLEWAWFrVDz1H6FVXzUSfTy5FUMWsQlU8Ym5JP9eO4xkTIROFCQvhQf61z6O/G6ugw3SgAnvvm+HA==",
      "dev": true,
      "bin": {
        "tsc": "bin/tsc",
        "tsserver": "bin/tsserver"
      },
      "engines": {
        "node": ">=14.17"
      }
    }
  }
}
